
Microsoft Visual Studio Solution File, Format Version 12.00
# Visual Studio Version 17
VisualStudioVersion = 17.9.34714.143
MinimumVisualStudioVersion = 10.0.40219.1
Project("{FAE04EC0-301F-11D3-BF4B-00C04F79EFBC}") = "calculator", "calculator\calculator.csproj", "{2F1E89B9-2E5A-4433-8521-BEBAE7FDC817}"
EndProject
Project("{FAE04EC0-301F-11D3-BF4B-00C04F79EFBC}") = "CalculatorTest", "CalculatorTest\CalculatorTest.csproj", "{4C5CA410-D1C8-45BD-9FA8-6A4BDA860ECA}"
EndProject
Global
	GlobalSection(SolutionConfigurationPlatforms) = preSolution
		Debug|Any CPU = Debug|Any CPU
		Release|Any CPU = Release|Any CPU
	EndGlobalSection
	GlobalSection(ProjectConfigurationPlatforms) = postSolution
		{2F1E89B9-2E5A-4433-8521-BEBAE7FDC817}.Debug|Any CPU.ActiveCfg = Debug|Any CPU
		{2F1E89B9-2E5A-4433-8521-BEBAE7FDC817}.Debug|Any CPU.Build.0 = Debug|Any CPU
		{2F1E89B9-2E5A-4433-8521-BEBAE7FDC817}.Release|Any CPU.ActiveCfg = Release|Any CPU
		{2F1E89B9-2E5A-4433-8521-BEBAE7FDC817}.Release|Any CPU.Build.0 = Release|Any CPU
		{4C5CA410-D1C8-45BD-9FA8-6A4BDA860ECA}.Debug|Any CPU.ActiveCfg = Debug|Any CPU
		{4C5CA410-D1C8-45BD-9FA8-6A4BDA860ECA}.Debug|Any CPU.Build.0 = Debug|Any CPU
		{4C5CA410-D1C8-45BD-9FA8-6A4BDA860ECA}.Release|Any CPU.ActiveCfg = Release|Any CPU
		{4C5CA410-D1C8-45BD-9FA8-6A4BDA860ECA}.Release|Any CPU.Build.0 = Release|Any CPU
	EndGlobalSection
	GlobalSection(SolutionProperties) = preSolution
		HideSolutionNode = FALSE
	EndGlobalSection
	GlobalSection(ExtensibilityGlobals) = postSolution
		SolutionGuid = {1591A8F5-DF40-4DB2-A7B0-8CE1BEAB6AB9}
	EndGlobalSection
EndGlobal
